
Microsoft Visual Studio Solution File, Format Version 12.00
# Visual Studio 15
VisualStudioVersion = 15.0.28307.168
MinimumVisualStudioVersion = 10.0.40219.1
Project("{FAE04EC0-301F-11D3-BF4B-00C04F79EFBC}") = "ThemeParkTycoonGame.Forms", "ThemeParkTycoonGame.Forms\ThemeParkTycoonGame.Forms.csproj", "{7278C0DE-D004-4104-910C-CCA22C6983D8}"
EndProject
Project("{FAE04EC0-301F-11D3-BF4B-00C04F79EFBC}") = "ThemeParkTycoonGame.Core", "ThemeParkTycoonGame.Core\ThemeParkTycoonGame.Core.csproj", "{8D84D669-2A34-4EE4-9058-E4458008FF61}"
EndProject
Global
	GlobalSection(SolutionConfigurationPlatforms) = preSolution
		Debug|Any CPU = Debug|Any CPU
		Release|Any CPU = Release|Any CPU
	EndGlobalSection
	GlobalSection(ProjectConfigurationPlatforms) = postSolution
		{7278C0DE-D004-4104-910C-CCA22C6983D8}.Debug|Any CPU.ActiveCfg = Debug|Any CPU
		{7278C0DE-D004-4104-910C-CCA22C6983D8}.Debug|Any CPU.Build.0 = Debug|Any CPU
		{7278C0DE-D004-4104-910C-CCA22C6983D8}.Release|Any CPU.ActiveCfg = Release|Any CPU
		{7278C0DE-D004-4104-910C-CCA22C6983D8}.Release|Any CPU.Build.0 = Release|Any CPU
		{8D84D669-2A34-4EE4-9058-E4458008FF61}.Debug|Any CPU.ActiveCfg = Debug|Any CPU
		{8D84D669-2A34-4EE4-9058-E4458008FF61}.Debug|Any CPU.Build.0 = Debug|Any CPU
		{8D84D669-2A34-4EE4-9058-E4458008FF61}.Release|Any CPU.ActiveCfg = Release|Any CPU
		{8D84D669-2A34-4EE4-9058-E4458008FF61}.Release|Any CPU.Build.0 = Release|Any CPU
	EndGlobalSection
	GlobalSection(SolutionProperties) = preSolution
		HideSolutionNode = FALSE
	EndGlobalSection
	GlobalSection(ExtensibilityGlobals) = postSolution
		SolutionGuid = {1445D068-8B3D-470F-B27E-8FA6682AEA32}
	EndGlobalSection
EndGlobal
